# THIS IS AN AUTOGENERATED FILE. DO NOT EDIT THIS FILE DIRECTLY.
# yarn lockfile v1


"@types/node@^18.0.6":
  version "18.0.6"
  resolved "https://registry.yarnpkg.com/@types/node/-/node-18.0.6.tgz#0ba49ac517ad69abe7a1508bc9b3a5483df9d5d7"
  integrity sha512-/xUq6H2aQm261exT6iZTMifUySEt4GR5KX8eYyY+C4MSNPqSh9oNIP7tz2GLKTlFaiBbgZNxffoR3CVRG+cljw==

libskynet@^0.0.62:
  version "0.0.62"
  resolved "https://registry.yarnpkg.com/libskynet/-/libskynet-0.0.62.tgz#6939de26a48beca4efb29eeed68c32538e61ca04"
  integrity sha512-rKB09+EH3XJGPmJ7/ycND1jIUCMGQXlu9X9vpuiWp+/mqYh07jzKCNlGzInjw/nqluVAZORR6y1y9ULr5u/H+A==

prettier@^2.7.1:
  version "2.7.1"
  resolved "https://registry.yarnpkg.com/prettier/-/prettier-2.7.1.tgz#e235806850d057f97bb08368a4f7d899f7760c64"
  integrity sha512-ujppO+MkdPqoVINuDFDRLClm7D78qbDt0/NR+wp5FqEZOoTNAjPHWj17QRhu7geIHJfcNhRk1XVQmF8Bp3ye+g==
